
Microsoft Visual Studio Solution File, Format Version 12.00
# Visual Studio Version 17
VisualStudioVersion = 17.8.34309.116
MinimumVisualStudioVersion = 10.0.40219.1
Project("{FAE04EC0-301F-11D3-BF4B-00C04F79EFBC}") = "backend", "backend.csproj", "{28D3D51C-10A7-417C-9BED-5C385ED0EE8B}"
EndProject
Global
	GlobalSection(SolutionConfigurationPlatforms) = preSolution
		Debug|Any CPU = Debug|Any CPU
		Release|Any CPU = Release|Any CPU
	EndGlobalSection
	GlobalSection(ProjectConfigurationPlatforms) = postSolution
		{28D3D51C-10A7-417C-9BED-5C385ED0EE8B}.Debug|Any CPU.ActiveCfg = Debug|Any CPU
		{28D3D51C-10A7-417C-9BED-5C385ED0EE8B}.Debug|Any CPU.Build.0 = Debug|Any CPU
		{28D3D51C-10A7-417C-9BED-5C385ED0EE8B}.Release|Any CPU.ActiveCfg = Release|Any CPU
		{28D3D51C-10A7-417C-9BED-5C385ED0EE8B}.Release|Any CPU.Build.0 = Release|Any CPU
	EndGlobalSection
	GlobalSection(SolutionProperties) = preSolution
		HideSolutionNode = FALSE
	EndGlobalSection
	GlobalSection(ExtensibilityGlobals) = postSolution
		SolutionGuid = {2E7FB394-E736-4E80-BB67-5338759CAEA2}
	EndGlobalSection
EndGlobal
